
Microsoft Visual Studio Solution File, Format Version 11.00
# Visual Studio 2010
Project("{FAE04EC0-301F-11D3-BF4B-00C04F79EFBC}") = "SQLite", "SQLite\SQLite.csproj", "{C002E71C-D5B6-49E4-9BA2-C7BD5643813B}"
EndProject
Global
	GlobalSection(SolutionConfigurationPlatforms) = preSolution
		Debug|iPhoneSimulator = Debug|iPhoneSimulator
		Release|iPhoneSimulator = Release|iPhoneSimulator
		Debug|iPhone = Debug|iPhone
		Release|iPhone = Release|iPhone
		Ad-Hoc|iPhone = Ad-Hoc|iPhone
		AppStore|iPhone = AppStore|iPhone
	EndGlobalSection
	GlobalSection(ProjectConfigurationPlatforms) = postSolution
		{C002E71C-D5B6-49E4-9BA2-C7BD5643813B}.Ad-Hoc|iPhone.ActiveCfg = Ad-Hoc|iPhone
		{C002E71C-D5B6-49E4-9BA2-C7BD5643813B}.Ad-Hoc|iPhone.Build.0 = Ad-Hoc|iPhone
		{C002E71C-D5B6-49E4-9BA2-C7BD5643813B}.AppStore|iPhone.ActiveCfg = AppStore|iPhone
		{C002E71C-D5B6-49E4-9BA2-C7BD5643813B}.AppStore|iPhone.Build.0 = AppStore|iPhone
		{C002E71C-D5B6-49E4-9BA2-C7BD5643813B}.Debug|iPhone.ActiveCfg = Debug|iPhone
		{C002E71C-D5B6-49E4-9BA2-C7BD5643813B}.Debug|iPhone.Build.0 = Debug|iPhone
		{C002E71C-D5B6-49E4-9BA2-C7BD5643813B}.Debug|iPhoneSimulator.ActiveCfg = Debug|iPhoneSimulator
		{C002E71C-D5B6-49E4-9BA2-C7BD5643813B}.Debug|iPhoneSimulator.Build.0 = Debug|iPhoneSimulator
		{C002E71C-D5B6-49E4-9BA2-C7BD5643813B}.Release|iPhone.ActiveCfg = Release|iPhone
		{C002E71C-D5B6-49E4-9BA2-C7BD5643813B}.Release|iPhone.Build.0 = Release|iPhone
		{C002E71C-D5B6-49E4-9BA2-C7BD5643813B}.Release|iPhoneSimulator.ActiveCfg = Release|iPhoneSimulator
		{C002E71C-D5B6-49E4-9BA2-C7BD5643813B}.Release|iPhoneSimulator.Build.0 = Release|iPhoneSimulator
	EndGlobalSection
	GlobalSection(MonoDevelopProperties) = preSolution
		StartupItem = SQLite\SQLite.csproj
	EndGlobalSection
EndGlobal
